
Microsoft Visual Studio Solution File, Format Version 12.00
# Visual Studio Version 16
VisualStudioVersion = 16.0.29613.14
MinimumVisualStudioVersion = 10.0.40219.1
Project("{9A19103F-16F7-4668-BE54-9A1E7A4F7556}") = "NWSELib", "NWSELib\NWSELib.csproj", "{D7B16425-5306-48EF-87A1-3932A1C792D3}"
EndProject
Project("{FAE04EC0-301F-11D3-BF4B-00C04F79EFBC}") = "MazeSimulator", "..\MazeSimulator\MazeSimulator.csproj", "{209E3086-B9F5-4D08-9538-D88E3A2378A4}"
EndProject
Global
	GlobalSection(SolutionConfigurationPlatforms) = preSolution
		Debug|Any CPU = Debug|Any CPU
		Debug|x86 = Debug|x86
		Release|Any CPU = Release|Any CPU
		Release|x86 = Release|x86
	EndGlobalSection
	GlobalSection(ProjectConfigurationPlatforms) = postSolution
		{D7B16425-5306-48EF-87A1-3932A1C792D3}.Debug|Any CPU.ActiveCfg = Debug|Any CPU
		{D7B16425-5306-48EF-87A1-3932A1C792D3}.Debug|Any CPU.Build.0 = Debug|Any CPU
		{D7B16425-5306-48EF-87A1-3932A1C792D3}.Debug|x86.ActiveCfg = Debug|Any CPU
		{D7B16425-5306-48EF-87A1-3932A1C792D3}.Debug|x86.Build.0 = Debug|Any CPU
		{D7B16425-5306-48EF-87A1-3932A1C792D3}.Release|Any CPU.ActiveCfg = Release|Any CPU
		{D7B16425-5306-48EF-87A1-3932A1C792D3}.Release|Any CPU.Build.0 = Release|Any CPU
		{D7B16425-5306-48EF-87A1-3932A1C792D3}.Release|x86.ActiveCfg = Release|Any CPU
		{D7B16425-5306-48EF-87A1-3932A1C792D3}.Release|x86.Build.0 = Release|Any CPU
		{209E3086-B9F5-4D08-9538-D88E3A2378A4}.Debug|Any CPU.ActiveCfg = Debug|x86
		{209E3086-B9F5-4D08-9538-D88E3A2378A4}.Debug|x86.ActiveCfg = Debug|x86
		{209E3086-B9F5-4D08-9538-D88E3A2378A4}.Debug|x86.Build.0 = Debug|x86
		{209E3086-B9F5-4D08-9538-D88E3A2378A4}.Release|Any CPU.ActiveCfg = Release|x86
		{209E3086-B9F5-4D08-9538-D88E3A2378A4}.Release|x86.ActiveCfg = Release|x86
		{209E3086-B9F5-4D08-9538-D88E3A2378A4}.Release|x86.Build.0 = Release|x86
	EndGlobalSection
	GlobalSection(SolutionProperties) = preSolution
		HideSolutionNode = FALSE
	EndGlobalSection
	GlobalSection(ExtensibilityGlobals) = postSolution
		SolutionGuid = {5F2DDA4D-E1A9-479A-956B-AD7B7633A05E}
	EndGlobalSection
EndGlobal
