
Microsoft Visual Studio Solution File, Format Version 12.00
# Visual Studio Version 16
VisualStudioVersion = 16.0.29613.14
MinimumVisualStudioVersion = 10.0.40219.1
Project("{9A19103F-16F7-4668-BE54-9A1E7A4F7556}") = "NWSELib", "NWSELib\NWSELib.csproj", "{D7B16425-5306-48EF-87A1-3932A1C792D3}"
EndProject
Global
	GlobalSection(SolutionConfigurationPlatforms) = preSolution
		Debug|Any CPU = Debug|Any CPU
		Release|Any CPU = Release|Any CPU
	EndGlobalSection
	GlobalSection(ProjectConfigurationPlatforms) = postSolution
		{D7B16425-5306-48EF-87A1-3932A1C792D3}.Debug|Any CPU.ActiveCfg = Debug|Any CPU
		{D7B16425-5306-48EF-87A1-3932A1C792D3}.Debug|Any CPU.Build.0 = Debug|Any CPU
		{D7B16425-5306-48EF-87A1-3932A1C792D3}.Release|Any CPU.ActiveCfg = Release|Any CPU
		{D7B16425-5306-48EF-87A1-3932A1C792D3}.Release|Any CPU.Build.0 = Release|Any CPU
	EndGlobalSection
	GlobalSection(SolutionProperties) = preSolution
		HideSolutionNode = FALSE
	EndGlobalSection
	GlobalSection(ExtensibilityGlobals) = postSolution
		SolutionGuid = {5F2DDA4D-E1A9-479A-956B-AD7B7633A05E}
	EndGlobalSection
EndGlobal
